
Microsoft Visual Studio Solution File, Format Version 12.00
# Visual Studio Version 17
VisualStudioVersion = 17.7.34202.233
MinimumVisualStudioVersion = 10.0.40219.1
Project("{FAE04EC0-301F-11D3-BF4B-00C04F79EFBC}") = "HW-09.12.23", "HW-09.12.23\HW-09.12.23.csproj", "{0DB7ACE9-CDDF-4C19-8E1B-E898330F56F4}"
EndProject
Global
	GlobalSection(SolutionConfigurationPlatforms) = preSolution
		Debug|Any CPU = Debug|Any CPU
		Release|Any CPU = Release|Any CPU
	EndGlobalSection
	GlobalSection(ProjectConfigurationPlatforms) = postSolution
		{0DB7ACE9-CDDF-4C19-8E1B-E898330F56F4}.Debug|Any CPU.ActiveCfg = Debug|Any CPU
		{0DB7ACE9-CDDF-4C19-8E1B-E898330F56F4}.Debug|Any CPU.Build.0 = Debug|Any CPU
		{0DB7ACE9-CDDF-4C19-8E1B-E898330F56F4}.Release|Any CPU.ActiveCfg = Release|Any CPU
		{0DB7ACE9-CDDF-4C19-8E1B-E898330F56F4}.Release|Any CPU.Build.0 = Release|Any CPU
	EndGlobalSection
	GlobalSection(SolutionProperties) = preSolution
		HideSolutionNode = FALSE
	EndGlobalSection
	GlobalSection(ExtensibilityGlobals) = postSolution
		SolutionGuid = {6CA3269B-5ACE-4D80-99E0-0EDAA1257CF4}
	EndGlobalSection
EndGlobal
